
Microsoft Visual Studio Solution File, Format Version 12.00
# Visual Studio 15
VisualStudioVersion = 15.0.28010.2026
MinimumVisualStudioVersion = 10.0.40219.1
Project("{FAE04EC0-301F-11D3-BF4B-00C04F79EFBC}") = "BlackBoxPredicter", "BlackBoxPredicter\BlackBoxPredicter.csproj", "{3980C41D-C289-4734-B884-536BC72673F5}"
EndProject
Project("{FAE04EC0-301F-11D3-BF4B-00C04F79EFBC}") = "BlackBoxPredicter_UnitTest", "BlackBoxPredicter_UnitTest\BlackBoxPredicter_UnitTest.csproj", "{96A84006-4275-48E9-AB7B-3E5A1813304D}"
EndProject
Global
	GlobalSection(SolutionConfigurationPlatforms) = preSolution
		Debug|Any CPU = Debug|Any CPU
		Release|Any CPU = Release|Any CPU
	EndGlobalSection
	GlobalSection(ProjectConfigurationPlatforms) = postSolution
		{3980C41D-C289-4734-B884-536BC72673F5}.Debug|Any CPU.ActiveCfg = Debug|Any CPU
		{3980C41D-C289-4734-B884-536BC72673F5}.Debug|Any CPU.Build.0 = Debug|Any CPU
		{3980C41D-C289-4734-B884-536BC72673F5}.Release|Any CPU.ActiveCfg = Release|Any CPU
		{3980C41D-C289-4734-B884-536BC72673F5}.Release|Any CPU.Build.0 = Release|Any CPU
		{96A84006-4275-48E9-AB7B-3E5A1813304D}.Debug|Any CPU.ActiveCfg = Debug|Any CPU
		{96A84006-4275-48E9-AB7B-3E5A1813304D}.Debug|Any CPU.Build.0 = Debug|Any CPU
		{96A84006-4275-48E9-AB7B-3E5A1813304D}.Release|Any CPU.ActiveCfg = Release|Any CPU
		{96A84006-4275-48E9-AB7B-3E5A1813304D}.Release|Any CPU.Build.0 = Release|Any CPU
	EndGlobalSection
	GlobalSection(SolutionProperties) = preSolution
		HideSolutionNode = FALSE
	EndGlobalSection
	GlobalSection(ExtensibilityGlobals) = postSolution
		SolutionGuid = {5AD2B630-9535-43F1-8071-07D5517C7392}
	EndGlobalSection
EndGlobal
