
Microsoft Visual Studio Solution File, Format Version 12.00
# Visual Studio 15
VisualStudioVersion = 15.0.28010.2046
MinimumVisualStudioVersion = 10.0.40219.1
Project("{FAE04EC0-301F-11D3-BF4B-00C04F79EFBC}") = "FSM_SchedulerPrototype", "FSM_SchedulerPrototype\FSM_SchedulerPrototype.csproj", "{2FD91477-7093-4D54-B225-D619F7ADE475}"
EndProject
Project("{FAE04EC0-301F-11D3-BF4B-00C04F79EFBC}") = "FSM_SchedulerPrototype.Android", "FSM_SchedulerPrototype.Android\FSM_SchedulerPrototype.Android.csproj", "{287AD0E2-2158-4BD0-8583-60ED57440D17}"
EndProject
Project("{FAE04EC0-301F-11D3-BF4B-00C04F79EFBC}") = "FSM_SchedulerPrototype.iOS", "FSM_SchedulerPrototype.iOS\FSM_SchedulerPrototype.iOS.csproj", "{3BB58A5D-D9F7-497D-B3D6-2B84A3E6816D}"
EndProject
Project("{FAE04EC0-301F-11D3-BF4B-00C04F79EFBC}") = "FSM_SchedulerPrototype.UWP", "FSM_SchedulerPrototype.UWP\FSM_SchedulerPrototype.UWP.csproj", "{0759C043-7420-4170-9F3E-FEA8E49EF49E}"
EndProject
Global
	GlobalSection(SolutionConfigurationPlatforms) = preSolution
		Ad-Hoc|Any CPU = Ad-Hoc|Any CPU
		Ad-Hoc|ARM = Ad-Hoc|ARM
		Ad-Hoc|iPhone = Ad-Hoc|iPhone
		Ad-Hoc|iPhoneSimulator = Ad-Hoc|iPhoneSimulator
		Ad-Hoc|x64 = Ad-Hoc|x64
		Ad-Hoc|x86 = Ad-Hoc|x86
		AppStore|Any CPU = AppStore|Any CPU
		AppStore|ARM = AppStore|ARM
		AppStore|iPhone = AppStore|iPhone
		AppStore|iPhoneSimulator = AppStore|iPhoneSimulator
		AppStore|x64 = AppStore|x64
		AppStore|x86 = AppStore|x86
		Debug|Any CPU = Debug|Any CPU
		Debug|ARM = Debug|ARM
		Debug|iPhone = Debug|iPhone
		Debug|iPhoneSimulator = Debug|iPhoneSimulator
		Debug|x64 = Debug|x64
		Debug|x86 = Debug|x86
		Release|Any CPU = Release|Any CPU
		Release|ARM = Release|ARM
		Release|iPhone = Release|iPhone
		Release|iPhoneSimulator = Release|iPhoneSimulator
		Release|x64 = Release|x64
		Release|x86 = Release|x86
	EndGlobalSection
	GlobalSection(ProjectConfigurationPlatforms) = postSolution
		{2FD91477-7093-4D54-B225-D619F7ADE475}.Ad-Hoc|Any CPU.ActiveCfg = Debug|Any CPU
		{2FD91477-7093-4D54-B225-D619F7ADE475}.Ad-Hoc|Any CPU.Build.0 = Debug|Any CPU
		{2FD91477-7093-4D54-B225-D619F7ADE475}.Ad-Hoc|ARM.ActiveCfg = Debug|Any CPU
		{2FD91477-7093-4D54-B225-D619F7ADE475}.Ad-Hoc|ARM.Build.0 = Debug|Any CPU
		{2FD91477-7093-4D54-B225-D619F7ADE475}.Ad-Hoc|iPhone.ActiveCfg = Debug|Any CPU
		{2FD91477-7093-4D54-B225-D619F7ADE475}.Ad-Hoc|iPhone.Build.0 = Debug|Any CPU
		{2FD91477-7093-4D54-B225-D619F7ADE475}.Ad-Hoc|iPhoneSimulator.ActiveCfg = Debug|Any CPU
		{2FD91477-7093-4D54-B225-D619F7ADE475}.Ad-Hoc|iPhoneSimulator.Build.0 = Debug|Any CPU
		{2FD91477-7093-4D54-B225-D619F7ADE475}.Ad-Hoc|x64.ActiveCfg = Debug|Any CPU
		{2FD91477-7093-4D54-B225-D619F7ADE475}.Ad-Hoc|x64.Build.0 = Debug|Any CPU
		{2FD91477-7093-4D54-B225-D619F7ADE475}.Ad-Hoc|x86.ActiveCfg = Debug|Any CPU
		{2FD91477-7093-4D54-B225-D619F7ADE475}.Ad-Hoc|x86.Build.0 = Debug|Any CPU
		{2FD91477-7093-4D54-B225-D619F7ADE475}.AppStore|Any CPU.ActiveCfg = Debug|Any CPU
		{2FD91477-7093-4D54-B225-D619F7ADE475}.AppStore|Any CPU.Build.0 = Debug|Any CPU
		{2FD91477-7093-4D54-B225-D619F7ADE475}.AppStore|ARM.ActiveCfg = Debug|Any CPU
		{2FD91477-7093-4D54-B225-D619F7ADE475}.AppStore|ARM.Build.0 = Debug|Any CPU
		{2FD91477-7093-4D54-B225-D619F7ADE475}.AppStore|iPhone.ActiveCfg = Debug|Any CPU
		{2FD91477-7093-4D54-B225-D619F7ADE475}.AppStore|iPhone.Build.0 = Debug|Any CPU
		{2FD91477-7093-4D54-B225-D619F7ADE475}.AppStore|iPhoneSimulator.ActiveCfg = Debug|Any CPU
		{2FD91477-7093-4D54-B225-D619F7ADE475}.AppStore|iPhoneSimulator.Build.0 = Debug|Any CPU
		{2FD91477-7093-4D54-B225-D619F7ADE475}.AppStore|x64.ActiveCfg = Debug|Any CPU
		{2FD91477-7093-4D54-B225-D619F7ADE475}.AppStore|x64.Build.0 = Debug|Any CPU
		{2FD91477-7093-4D54-B225-D619F7ADE475}.AppStore|x86.ActiveCfg = Debug|Any CPU
		{2FD91477-7093-4D54-B225-D619F7ADE475}.AppStore|x86.Build.0 = Debug|Any CPU
		{2FD91477-7093-4D54-B225-D619F7ADE475}.Debug|Any CPU.ActiveCfg = Debug|Any CPU
		{2FD91477-7093-4D54-B225-D619F7ADE475}.Debug|Any CPU.Build.0 = Debug|Any CPU
		{2FD91477-7093-4D54-B225-D619F7ADE475}.Debug|ARM.ActiveCfg = Debug|Any CPU
		{2FD91477-7093-4D54-B225-D619F7ADE475}.Debug|ARM.Build.0 = Debug|Any CPU
		{2FD91477-7093-4D54-B225-D619F7ADE475}.Debug|iPhone.ActiveCfg = Debug|Any CPU
		{2FD91477-7093-4D54-B225-D619F7ADE475}.Debug|iPhone.Build.0 = Debug|Any CPU
		{2FD91477-7093-4D54-B225-D619F7ADE475}.Debug|iPhoneSimulator.ActiveCfg = Debug|Any CPU
		{2FD91477-7093-4D54-B225-D619F7ADE475}.Debug|iPhoneSimulator.Build.0 = Debug|Any CPU
		{2FD91477-7093-4D54-B225-D619F7ADE475}.Debug|x64.ActiveCfg = Debug|Any CPU
		{2FD91477-7093-4D54-B225-D619F7ADE475}.Debug|x64.Build.0 = Debug|Any CPU
		{2FD91477-7093-4D54-B225-D619F7ADE475}.Debug|x86.ActiveCfg = Debug|Any CPU
		{2FD91477-7093-4D54-B225-D619F7ADE475}.Debug|x86.Build.0 = Debug|Any CPU
		{2FD91477-7093-4D54-B225-D619F7ADE475}.Release|Any CPU.ActiveCfg = Release|Any CPU
		{2FD91477-7093-4D54-B225-D619F7ADE475}.Release|Any CPU.Build.0 = Release|Any CPU
		{2FD91477-7093-4D54-B225-D619F7ADE475}.Release|ARM.ActiveCfg = Release|Any CPU
		{2FD91477-7093-4D54-B225-D619F7ADE475}.Release|ARM.Build.0 = Release|Any CPU
		{2FD91477-7093-4D54-B225-D619F7ADE475}.Release|iPhone.ActiveCfg = Release|Any CPU
		{2FD91477-7093-4D54-B225-D619F7ADE475}.Release|iPhone.Build.0 = Release|Any CPU
		{2FD91477-7093-4D54-B225-D619F7ADE475}.Release|iPhoneSimulator.ActiveCfg = Release|Any CPU
		{2FD91477-7093-4D54-B225-D619F7ADE475}.Release|iPhoneSimulator.Build.0 = Release|Any CPU
		{2FD91477-7093-4D54-B225-D619F7ADE475}.Release|x64.ActiveCfg = Release|Any CPU
		{2FD91477-7093-4D54-B225-D619F7ADE475}.Release|x64.Build.0 = Release|Any CPU
		{2FD91477-7093-4D54-B225-D619F7ADE475}.Release|x86.ActiveCfg = Release|Any CPU
		{2FD91477-7093-4D54-B225-D619F7ADE475}.Release|x86.Build.0 = Release|Any CPU
		{287AD0E2-2158-4BD0-8583-60ED57440D17}.Ad-Hoc|Any CPU.ActiveCfg = Release|Any CPU
		{287AD0E2-2158-4BD0-8583-60ED57440D17}.Ad-Hoc|Any CPU.Build.0 = Release|Any CPU
		{287AD0E2-2158-4BD0-8583-60ED57440D17}.Ad-Hoc|Any CPU.Deploy.0 = Release|Any CPU
		{287AD0E2-2158-4BD0-8583-60ED57440D17}.Ad-Hoc|ARM.ActiveCfg = Release|Any CPU
		{287AD0E2-2158-4BD0-8583-60ED57440D17}.Ad-Hoc|ARM.Build.0 = Release|Any CPU
		{287AD0E2-2158-4BD0-8583-60ED57440D17}.Ad-Hoc|ARM.Deploy.0 = Release|Any CPU
		{287AD0E2-2158-4BD0-8583-60ED57440D17}.Ad-Hoc|iPhone.ActiveCfg = Release|Any CPU
		{287AD0E2-2158-4BD0-8583-60ED57440D17}.Ad-Hoc|iPhone.Build.0 = Release|Any CPU
		{287AD0E2-2158-4BD0-8583-60ED57440D17}.Ad-Hoc|iPhone.Deploy.0 = Release|Any CPU
		{287AD0E2-2158-4BD0-8583-60ED57440D17}.Ad-Hoc|iPhoneSimulator.ActiveCfg = Release|Any CPU
		{287AD0E2-2158-4BD0-8583-60ED57440D17}.Ad-Hoc|iPhoneSimulator.Build.0 = Release|Any CPU
		{287AD0E2-2158-4BD0-8583-60ED57440D17}.Ad-Hoc|iPhoneSimulator.Deploy.0 = Release|Any CPU
		{287AD0E2-2158-4BD0-8583-60ED57440D17}.Ad-Hoc|x64.ActiveCfg = Release|Any CPU
		{287AD0E2-2158-4BD0-8583-60ED57440D17}.Ad-Hoc|x64.Build.0 = Release|Any CPU
		{287AD0E2-2158-4BD0-8583-60ED57440D17}.Ad-Hoc|x64.Deploy.0 = Release|Any CPU
		{287AD0E2-2158-4BD0-8583-60ED57440D17}.Ad-Hoc|x86.ActiveCfg = Release|Any CPU
		{287AD0E2-2158-4BD0-8583-60ED57440D17}.Ad-Hoc|x86.Build.0 = Release|Any CPU
		{287AD0E2-2158-4BD0-8583-60ED57440D17}.Ad-Hoc|x86.Deploy.0 = Release|Any CPU
		{287AD0E2-2158-4BD0-8583-60ED57440D17}.AppStore|Any CPU.ActiveCfg = Release|Any CPU
		{287AD0E2-2158-4BD0-8583-60ED57440D17}.AppStore|Any CPU.Build.0 = Release|Any CPU
		{287AD0E2-2158-4BD0-8583-60ED57440D17}.AppStore|Any CPU.Deploy.0 = Release|Any CPU
		{287AD0E2-2158-4BD0-8583-60ED57440D17}.AppStore|ARM.ActiveCfg = Release|Any CPU
		{287AD0E2-2158-4BD0-8583-60ED57440D17}.AppStore|ARM.Build.0 = Release|Any CPU
		{287AD0E2-2158-4BD0-8583-60ED57440D17}.AppStore|ARM.Deploy.0 = Release|Any CPU
		{287AD0E2-2158-4BD0-8583-60ED57440D17}.AppStore|iPhone.ActiveCfg = Release|Any CPU
		{287AD0E2-2158-4BD0-8583-60ED57440D17}.AppStore|iPhone.Build.0 = Release|Any CPU
		{287AD0E2-2158-4BD0-8583-60ED57440D17}.AppStore|iPhone.Deploy.0 = Release|Any CPU
		{287AD0E2-2158-4BD0-8583-60ED57440D17}.AppStore|iPhoneSimulator.ActiveCfg = Release|Any CPU
		{287AD0E2-2158-4BD0-8583-60ED57440D17}.AppStore|iPhoneSimulator.Build.0 = Release|Any CPU
		{287AD0E2-2158-4BD0-8583-60ED57440D17}.AppStore|iPhoneSimulator.Deploy.0 = Release|Any CPU
		{287AD0E2-2158-4BD0-8583-60ED57440D17}.AppStore|x64.ActiveCfg = Release|Any CPU
		{287AD0E2-2158-4BD0-8583-60ED57440D17}.AppStore|x64.Build.0 = Release|Any CPU
		{287AD0E2-2158-4BD0-8583-60ED57440D17}.AppStore|x64.Deploy.0 = Release|Any CPU
		{287AD0E2-2158-4BD0-8583-60ED57440D17}.AppStore|x86.ActiveCfg = Release|Any CPU
		{287AD0E2-2158-4BD0-8583-60ED57440D17}.AppStore|x86.Build.0 = Release|Any CPU
		{287AD0E2-2158-4BD0-8583-60ED57440D17}.AppStore|x86.Deploy.0 = Release|Any CPU
		{287AD0E2-2158-4BD0-8583-60ED57440D17}.Debug|Any CPU.ActiveCfg = Debug|Any CPU
		{287AD0E2-2158-4BD0-8583-60ED57440D17}.Debug|Any CPU.Build.0 = Debug|Any CPU
		{287AD0E2-2158-4BD0-8583-60ED57440D17}.Debug|Any CPU.Deploy.0 = Debug|Any CPU
		{287AD0E2-2158-4BD0-8583-60ED57440D17}.Debug|ARM.ActiveCfg = Debug|Any CPU
		{287AD0E2-2158-4BD0-8583-60ED57440D17}.Debug|ARM.Build.0 = Debug|Any CPU
		{287AD0E2-2158-4BD0-8583-60ED57440D17}.Debug|ARM.Deploy.0 = Debug|Any CPU
		{287AD0E2-2158-4BD0-8583-60ED57440D17}.Debug|iPhone.ActiveCfg = Debug|Any CPU
		{287AD0E2-2158-4BD0-8583-60ED57440D17}.Debug|iPhone.Build.0 = Debug|Any CPU
		{287AD0E2-2158-4BD0-8583-60ED57440D17}.Debug|iPhone.Deploy.0 = Debug|Any CPU
		{287AD0E2-2158-4BD0-8583-60ED57440D17}.Debug|iPhoneSimulator.ActiveCfg = Debug|Any CPU
		{287AD0E2-2158-4BD0-8583-60ED57440D17}.Debug|iPhoneSimulator.Build.0 = Debug|Any CPU
		{287AD0E2-2158-4BD0-8583-60ED57440D17}.Debug|iPhoneSimulator.Deploy.0 = Debug|Any CPU
		{287AD0E2-2158-4BD0-8583-60ED57440D17}.Debug|x64.ActiveCfg = Debug|Any CPU
		{287AD0E2-2158-4BD0-8583-60ED57440D17}.Debug|x64.Build.0 = Debug|Any CPU
		{287AD0E2-2158-4BD0-8583-60ED57440D17}.Debug|x64.Deploy.0 = Debug|Any CPU
		{287AD0E2-2158-4BD0-8583-60ED57440D17}.Debug|x86.ActiveCfg = Debug|Any CPU
		{287AD0E2-2158-4BD0-8583-60ED57440D17}.Debug|x86.Build.0 = Debug|Any CPU
		{287AD0E2-2158-4BD0-8583-60ED57440D17}.Debug|x86.Deploy.0 = Debug|Any CPU
		{287AD0E2-2158-4BD0-8583-60ED57440D17}.Release|Any CPU.ActiveCfg = Release|Any CPU
		{287AD0E2-2158-4BD0-8583-60ED57440D17}.Release|Any CPU.Build.0 = Release|Any CPU
		{287AD0E2-2158-4BD0-8583-60ED57440D17}.Release|Any CPU.Deploy.0 = Release|Any CPU
		{287AD0E2-2158-4BD0-8583-60ED57440D17}.Release|ARM.ActiveCfg = Release|Any CPU
		{287AD0E2-2158-4BD0-8583-60ED57440D17}.Release|ARM.Build.0 = Release|Any CPU
		{287AD0E2-2158-4BD0-8583-60ED57440D17}.Release|ARM.Deploy.0 = Release|Any CPU
		{287AD0E2-2158-4BD0-8583-60ED57440D17}.Release|iPhone.ActiveCfg = Release|Any CPU
		{287AD0E2-2158-4BD0-8583-60ED57440D17}.Release|iPhone.Build.0 = Release|Any CPU
		{287AD0E2-2158-4BD0-8583-60ED57440D17}.Release|iPhone.Deploy.0 = Release|Any CPU
		{287AD0E2-2158-4BD0-8583-60ED57440D17}.Release|iPhoneSimulator.ActiveCfg = Release|Any CPU
		{287AD0E2-2158-4BD0-8583-60ED57440D17}.Release|iPhoneSimulator.Build.0 = Release|Any CPU
		{287AD0E2-2158-4BD0-8583-60ED57440D17}.Release|iPhoneSimulator.Deploy.0 = Release|Any CPU
		{287AD0E2-2158-4BD0-8583-60ED57440D17}.Release|x64.ActiveCfg = Release|Any CPU
		{287AD0E2-2158-4BD0-8583-60ED57440D17}.Release|x64.Build.0 = Release|Any CPU
		{287AD0E2-2158-4BD0-8583-60ED57440D17}.Release|x64.Deploy.0 = Release|Any CPU
		{287AD0E2-2158-4BD0-8583-60ED57440D17}.Release|x86.ActiveCfg = Release|Any CPU
		{287AD0E2-2158-4BD0-8583-60ED57440D17}.Release|x86.Build.0 = Release|Any CPU
		{287AD0E2-2158-4BD0-8583-60ED57440D17}.Release|x86.Deploy.0 = Release|Any CPU
		{3BB58A5D-D9F7-497D-B3D6-2B84A3E6816D}.Ad-Hoc|Any CPU.ActiveCfg = Ad-Hoc|iPhone
		{3BB58A5D-D9F7-497D-B3D6-2B84A3E6816D}.Ad-Hoc|ARM.ActiveCfg = Ad-Hoc|iPhone
		{3BB58A5D-D9F7-497D-B3D6-2B84A3E6816D}.Ad-Hoc|iPhone.ActiveCfg = Ad-Hoc|iPhone
		{3BB58A5D-D9F7-497D-B3D6-2B84A3E6816D}.Ad-Hoc|iPhone.Build.0 = Ad-Hoc|iPhone
		{3BB58A5D-D9F7-497D-B3D6-2B84A3E6816D}.Ad-Hoc|iPhoneSimulator.ActiveCfg = Ad-Hoc|iPhoneSimulator
		{3BB58A5D-D9F7-497D-B3D6-2B84A3E6816D}.Ad-Hoc|iPhoneSimulator.Build.0 = Ad-Hoc|iPhoneSimulator
		{3BB58A5D-D9F7-497D-B3D6-2B84A3E6816D}.Ad-Hoc|x64.ActiveCfg = Ad-Hoc|iPhone
		{3BB58A5D-D9F7-497D-B3D6-2B84A3E6816D}.Ad-Hoc|x86.ActiveCfg = Ad-Hoc|iPhone
		{3BB58A5D-D9F7-497D-B3D6-2B84A3E6816D}.AppStore|Any CPU.ActiveCfg = AppStore|iPhone
		{3BB58A5D-D9F7-497D-B3D6-2B84A3E6816D}.AppStore|ARM.ActiveCfg = AppStore|iPhone
		{3BB58A5D-D9F7-497D-B3D6-2B84A3E6816D}.AppStore|iPhone.ActiveCfg = AppStore|iPhone
		{3BB58A5D-D9F7-497D-B3D6-2B84A3E6816D}.AppStore|iPhone.Build.0 = AppStore|iPhone
		{3BB58A5D-D9F7-497D-B3D6-2B84A3E6816D}.AppStore|iPhoneSimulator.ActiveCfg = AppStore|iPhoneSimulator
		{3BB58A5D-D9F7-497D-B3D6-2B84A3E6816D}.AppStore|iPhoneSimulator.Build.0 = AppStore|iPhoneSimulator
		{3BB58A5D-D9F7-497D-B3D6-2B84A3E6816D}.AppStore|x64.ActiveCfg = AppStore|iPhone
		{3BB58A5D-D9F7-497D-B3D6-2B84A3E6816D}.AppStore|x86.ActiveCfg = AppStore|iPhone
		{3BB58A5D-D9F7-497D-B3D6-2B84A3E6816D}.Debug|Any CPU.ActiveCfg = Debug|iPhone
		{3BB58A5D-D9F7-497D-B3D6-2B84A3E6816D}.Debug|ARM.ActiveCfg = Debug|iPhone
		{3BB58A5D-D9F7-497D-B3D6-2B84A3E6816D}.Debug|iPhone.ActiveCfg = Debug|iPhone
		{3BB58A5D-D9F7-497D-B3D6-2B84A3E6816D}.Debug|iPhone.Build.0 = Debug|iPhone
		{3BB58A5D-D9F7-497D-B3D6-2B84A3E6816D}.Debug|iPhoneSimulator.ActiveCfg = Debug|iPhoneSimulator
		{3BB58A5D-D9F7-497D-B3D6-2B84A3E6816D}.Debug|iPhoneSimulator.Build.0 = Debug|iPhoneSimulator
		{3BB58A5D-D9F7-497D-B3D6-2B84A3E6816D}.Debug|x64.ActiveCfg = Debug|iPhone
		{3BB58A5D-D9F7-497D-B3D6-2B84A3E6816D}.Debug|x86.ActiveCfg = Debug|iPhone
		{3BB58A5D-D9F7-497D-B3D6-2B84A3E6816D}.Release|Any CPU.ActiveCfg = Release|iPhone
		{3BB58A5D-D9F7-497D-B3D6-2B84A3E6816D}.Release|ARM.ActiveCfg = Release|iPhone
		{3BB58A5D-D9F7-497D-B3D6-2B84A3E6816D}.Release|iPhone.ActiveCfg = Release|iPhone
		{3BB58A5D-D9F7-497D-B3D6-2B84A3E6816D}.Release|iPhone.Build.0 = Release|iPhone
		{3BB58A5D-D9F7-497D-B3D6-2B84A3E6816D}.Release|iPhoneSimulator.ActiveCfg = Release|iPhoneSimulator
		{3BB58A5D-D9F7-497D-B3D6-2B84A3E6816D}.Release|iPhoneSimulator.Build.0 = Release|iPhoneSimulator
		{3BB58A5D-D9F7-497D-B3D6-2B84A3E6816D}.Release|x64.ActiveCfg = Release|iPhone
		{3BB58A5D-D9F7-497D-B3D6-2B84A3E6816D}.Release|x86.ActiveCfg = Release|iPhone
		{0759C043-7420-4170-9F3E-FEA8E49EF49E}.Ad-Hoc|Any CPU.ActiveCfg = Release|x86
		{0759C043-7420-4170-9F3E-FEA8E49EF49E}.Ad-Hoc|Any CPU.Build.0 = Release|x86
		{0759C043-7420-4170-9F3E-FEA8E49EF49E}.Ad-Hoc|Any CPU.Deploy.0 = Release|x86
		{0759C043-7420-4170-9F3E-FEA8E49EF49E}.Ad-Hoc|ARM.ActiveCfg = Release|ARM
		{0759C043-7420-4170-9F3E-FEA8E49EF49E}.Ad-Hoc|ARM.Build.0 = Release|ARM
		{0759C043-7420-4170-9F3E-FEA8E49EF49E}.Ad-Hoc|ARM.Deploy.0 = Release|ARM
		{0759C043-7420-4170-9F3E-FEA8E49EF49E}.Ad-Hoc|iPhone.ActiveCfg = Release|x86
		{0759C043-7420-4170-9F3E-FEA8E49EF49E}.Ad-Hoc|iPhone.Build.0 = Release|x86
		{0759C043-7420-4170-9F3E-FEA8E49EF49E}.Ad-Hoc|iPhone.Deploy.0 = Release|x86
		{0759C043-7420-4170-9F3E-FEA8E49EF49E}.Ad-Hoc|iPhoneSimulator.ActiveCfg = Release|x86
		{0759C043-7420-4170-9F3E-FEA8E49EF49E}.Ad-Hoc|iPhoneSimulator.Build.0 = Release|x86
		{0759C043-7420-4170-9F3E-FEA8E49EF49E}.Ad-Hoc|iPhoneSimulator.Deploy.0 = Release|x86
		{0759C043-7420-4170-9F3E-FEA8E49EF49E}.Ad-Hoc|x64.ActiveCfg = Release|x64
		{0759C043-7420-4170-9F3E-FEA8E49EF49E}.Ad-Hoc|x64.Build.0 = Release|x64
		{0759C043-7420-4170-9F3E-FEA8E49EF49E}.Ad-Hoc|x64.Deploy.0 = Release|x64
		{0759C043-7420-4170-9F3E-FEA8E49EF49E}.Ad-Hoc|x86.ActiveCfg = Release|x86
		{0759C043-7420-4170-9F3E-FEA8E49EF49E}.Ad-Hoc|x86.Build.0 = Release|x86
		{0759C043-7420-4170-9F3E-FEA8E49EF49E}.Ad-Hoc|x86.Deploy.0 = Release|x86
		{0759C043-7420-4170-9F3E-FEA8E49EF49E}.AppStore|Any CPU.ActiveCfg = Release|x86
		{0759C043-7420-4170-9F3E-FEA8E49EF49E}.AppStore|Any CPU.Build.0 = Release|x86
		{0759C043-7420-4170-9F3E-FEA8E49EF49E}.AppStore|Any CPU.Deploy.0 = Release|x86
		{0759C043-7420-4170-9F3E-FEA8E49EF49E}.AppStore|ARM.ActiveCfg = Release|ARM
		{0759C043-7420-4170-9F3E-FEA8E49EF49E}.AppStore|ARM.Build.0 = Release|ARM
		{0759C043-7420-4170-9F3E-FEA8E49EF49E}.AppStore|ARM.Deploy.0 = Release|ARM
		{0759C043-7420-4170-9F3E-FEA8E49EF49E}.AppStore|iPhone.ActiveCfg = Release|x86
		{0759C043-7420-4170-9F3E-FEA8E49EF49E}.AppStore|iPhone.Build.0 = Release|x86
		{0759C043-7420-4170-9F3E-FEA8E49EF49E}.AppStore|iPhone.Deploy.0 = Release|x86
		{0759C043-7420-4170-9F3E-FEA8E49EF49E}.AppStore|iPhoneSimulator.ActiveCfg = Release|x86
		{0759C043-7420-4170-9F3E-FEA8E49EF49E}.AppStore|iPhoneSimulator.Build.0 = Release|x86
		{0759C043-7420-4170-9F3E-FEA8E49EF49E}.AppStore|iPhoneSimulator.Deploy.0 = Release|x86
		{0759C043-7420-4170-9F3E-FEA8E49EF49E}.AppStore|x64.ActiveCfg = Release|x64
		{0759C043-7420-4170-9F3E-FEA8E49EF49E}.AppStore|x64.Build.0 = Release|x64
		{0759C043-7420-4170-9F3E-FEA8E49EF49E}.AppStore|x64.Deploy.0 = Release|x64
		{0759C043-7420-4170-9F3E-FEA8E49EF49E}.AppStore|x86.ActiveCfg = Release|x86
		{0759C043-7420-4170-9F3E-FEA8E49EF49E}.AppStore|x86.Build.0 = Release|x86
		{0759C043-7420-4170-9F3E-FEA8E49EF49E}.AppStore|x86.Deploy.0 = Release|x86
		{0759C043-7420-4170-9F3E-FEA8E49EF49E}.Debug|Any CPU.ActiveCfg = Debug|x86
		{0759C043-7420-4170-9F3E-FEA8E49EF49E}.Debug|ARM.ActiveCfg = Debug|ARM
		{0759C043-7420-4170-9F3E-FEA8E49EF49E}.Debug|ARM.Build.0 = Debug|ARM
		{0759C043-7420-4170-9F3E-FEA8E49EF49E}.Debug|ARM.Deploy.0 = Debug|ARM
		{0759C043-7420-4170-9F3E-FEA8E49EF49E}.Debug|iPhone.ActiveCfg = Debug|x86
		{0759C043-7420-4170-9F3E-FEA8E49EF49E}.Debug|iPhoneSimulator.ActiveCfg = Debug|x86
		{0759C043-7420-4170-9F3E-FEA8E49EF49E}.Debug|x64.ActiveCfg = Debug|x64
		{0759C043-7420-4170-9F3E-FEA8E49EF49E}.Debug|x64.Build.0 = Debug|x64
		{0759C043-7420-4170-9F3E-FEA8E49EF49E}.Debug|x64.Deploy.0 = Debug|x64
		{0759C043-7420-4170-9F3E-FEA8E49EF49E}.Debug|x86.ActiveCfg = Debug|x86
		{0759C043-7420-4170-9F3E-FEA8E49EF49E}.Debug|x86.Build.0 = Debug|x86
		{0759C043-7420-4170-9F3E-FEA8E49EF49E}.Debug|x86.Deploy.0 = Debug|x86
		{0759C043-7420-4170-9F3E-FEA8E49EF49E}.Release|Any CPU.ActiveCfg = Release|x86
		{0759C043-7420-4170-9F3E-FEA8E49EF49E}.Release|ARM.ActiveCfg = Release|ARM
		{0759C043-7420-4170-9F3E-FEA8E49EF49E}.Release|ARM.Build.0 = Release|ARM
		{0759C043-7420-4170-9F3E-FEA8E49EF49E}.Release|ARM.Deploy.0 = Release|ARM
		{0759C043-7420-4170-9F3E-FEA8E49EF49E}.Release|iPhone.ActiveCfg = Release|x86
		{0759C043-7420-4170-9F3E-FEA8E49EF49E}.Release|iPhoneSimulator.ActiveCfg = Release|x86
		{0759C043-7420-4170-9F3E-FEA8E49EF49E}.Release|x64.ActiveCfg = Release|x64
		{0759C043-7420-4170-9F3E-FEA8E49EF49E}.Release|x64.Build.0 = Release|x64
		{0759C043-7420-4170-9F3E-FEA8E49EF49E}.Release|x64.Deploy.0 = Release|x64
		{0759C043-7420-4170-9F3E-FEA8E49EF49E}.Release|x86.ActiveCfg = Release|x86
		{0759C043-7420-4170-9F3E-FEA8E49EF49E}.Release|x86.Build.0 = Release|x86
		{0759C043-7420-4170-9F3E-FEA8E49EF49E}.Release|x86.Deploy.0 = Release|x86
	EndGlobalSection
	GlobalSection(SolutionProperties) = preSolution
		HideSolutionNode = FALSE
	EndGlobalSection
	GlobalSection(ExtensibilityGlobals) = postSolution
		SolutionGuid = {DE08A0BB-E904-41AD-9DC1-031F6B332DBC}
	EndGlobalSection
EndGlobal
