
Microsoft Visual Studio Solution File, Format Version 12.00
# Visual Studio 15
VisualStudioVersion = 15.0.26730.16
MinimumVisualStudioVersion = 10.0.40219.1
Project("{FAE04EC0-301F-11D3-BF4B-00C04F79EFBC}") = "FromRomanExportAdapter", "FromRomanExportAdapter\FromRomanExportAdapter.csproj", "{2ADAF6DF-1B1F-4F91-8FF5-F884E7C4298B}"
EndProject
Project("{FAE04EC0-301F-11D3-BF4B-00C04F79EFBC}") = "FromRomanExportAdapterTest", "FromRomanExportAdapterTest\FromRomanExportAdapterTest.csproj", "{A0886571-F452-4511-850E-FD228D281A02}"
EndProject
Global
	GlobalSection(SolutionConfigurationPlatforms) = preSolution
		Debug|Any CPU = Debug|Any CPU
		Release|Any CPU = Release|Any CPU
	EndGlobalSection
	GlobalSection(ProjectConfigurationPlatforms) = postSolution
		{2ADAF6DF-1B1F-4F91-8FF5-F884E7C4298B}.Debug|Any CPU.ActiveCfg = Debug|Any CPU
		{2ADAF6DF-1B1F-4F91-8FF5-F884E7C4298B}.Debug|Any CPU.Build.0 = Debug|Any CPU
		{2ADAF6DF-1B1F-4F91-8FF5-F884E7C4298B}.Release|Any CPU.ActiveCfg = Release|Any CPU
		{2ADAF6DF-1B1F-4F91-8FF5-F884E7C4298B}.Release|Any CPU.Build.0 = Release|Any CPU
		{A0886571-F452-4511-850E-FD228D281A02}.Debug|Any CPU.ActiveCfg = Debug|Any CPU
		{A0886571-F452-4511-850E-FD228D281A02}.Debug|Any CPU.Build.0 = Debug|Any CPU
		{A0886571-F452-4511-850E-FD228D281A02}.Release|Any CPU.ActiveCfg = Release|Any CPU
		{A0886571-F452-4511-850E-FD228D281A02}.Release|Any CPU.Build.0 = Release|Any CPU
	EndGlobalSection
	GlobalSection(SolutionProperties) = preSolution
		HideSolutionNode = FALSE
	EndGlobalSection
	GlobalSection(ExtensibilityGlobals) = postSolution
		SolutionGuid = {F0F691A9-5DD4-4310-A664-F5A71C061F64}
	EndGlobalSection
EndGlobal
