
Microsoft Visual Studio Solution File, Format Version 12.00
# Visual Studio 14
VisualStudioVersion = 14.0.25123.0
MinimumVisualStudioVersion = 10.0.40219.1
Project("{FAE04EC0-301F-11D3-BF4B-00C04F79EFBC}") = "fromRomanConverter", "fromRomanConverter\fromRomanConverter.csproj", "{2D5DED1F-C6DD-4BF8-945F-074B05F0DC4E}"
EndProject
Project("{FAE04EC0-301F-11D3-BF4B-00C04F79EFBC}") = "fromRomanConverter.UnitTest", "fromRomanConverter.UnitTest\fromRomanConverter.UnitTest.csproj", "{801449F5-7DDF-4B3B-9E85-5731F8CE13B8}"
EndProject
Global
	GlobalSection(SolutionConfigurationPlatforms) = preSolution
		Debug|Any CPU = Debug|Any CPU
		Release|Any CPU = Release|Any CPU
	EndGlobalSection
	GlobalSection(ProjectConfigurationPlatforms) = postSolution
		{2D5DED1F-C6DD-4BF8-945F-074B05F0DC4E}.Debug|Any CPU.ActiveCfg = Debug|Any CPU
		{2D5DED1F-C6DD-4BF8-945F-074B05F0DC4E}.Debug|Any CPU.Build.0 = Debug|Any CPU
		{2D5DED1F-C6DD-4BF8-945F-074B05F0DC4E}.Release|Any CPU.ActiveCfg = Release|Any CPU
		{2D5DED1F-C6DD-4BF8-945F-074B05F0DC4E}.Release|Any CPU.Build.0 = Release|Any CPU
		{801449F5-7DDF-4B3B-9E85-5731F8CE13B8}.Debug|Any CPU.ActiveCfg = Debug|Any CPU
		{801449F5-7DDF-4B3B-9E85-5731F8CE13B8}.Debug|Any CPU.Build.0 = Debug|Any CPU
		{801449F5-7DDF-4B3B-9E85-5731F8CE13B8}.Release|Any CPU.ActiveCfg = Release|Any CPU
		{801449F5-7DDF-4B3B-9E85-5731F8CE13B8}.Release|Any CPU.Build.0 = Release|Any CPU
	EndGlobalSection
	GlobalSection(SolutionProperties) = preSolution
		HideSolutionNode = FALSE
	EndGlobalSection
EndGlobal
