
Microsoft Visual Studio Solution File, Format Version 12.00
# Visual Studio 15
VisualStudioVersion = 15.0.28010.2026
MinimumVisualStudioVersion = 10.0.40219.1
Project("{FAE04EC0-301F-11D3-BF4B-00C04F79EFBC}") = "tvspike.client", "tvspike.client\tvspike.client.csproj", "{D7A27758-8B33-4C39-B228-5816C317F3C1}"
EndProject
Project("{FAE04EC0-301F-11D3-BF4B-00C04F79EFBC}") = "tvspike.contracts", "tvspike.contracts\tvspike.contracts.csproj", "{972E7967-9ED8-46DE-8BA4-D54FA66F9C4F}"
EndProject
Project("{FAE04EC0-301F-11D3-BF4B-00C04F79EFBC}") = "tvspike.ui", "tvspike.ui\tvspike.ui.csproj", "{976ED1CD-92E6-44FC-9D1C-A88E96632C2D}"
EndProject
Project("{FAE04EC0-301F-11D3-BF4B-00C04F79EFBC}") = "tvspike.rm", "tvspike.rm\tvspike.rm.csproj", "{C7928CF9-4987-45D8-80D9-5D6B21D25A61}"
EndProject
Project("{FAE04EC0-301F-11D3-BF4B-00C04F79EFBC}") = "tvspike.es", "tvspike.es\tvspike.es.csproj", "{313F213D-D48A-4A71-BE36-922D282FD572}"
EndProject
Project("{FAE04EC0-301F-11D3-BF4B-00C04F79EFBC}") = "tvspike.es.tests", "tvspike.es.tests\tvspike.es.tests.csproj", "{DA245BF6-3084-4264-AB54-741E942E1958}"
EndProject
Project("{FAE04EC0-301F-11D3-BF4B-00C04F79EFBC}") = "tvspike.rm.tests", "tvspike.rm.tests\tvspike.rm.tests.csproj", "{EC9DC06D-0FE7-4AAF-9165-96A3DFE24BE5}"
EndProject
Project("{FAE04EC0-301F-11D3-BF4B-00C04F79EFBC}") = "tvspike.ui.tests", "tvspike.ui.tests\tvspike.ui.tests.csproj", "{E30907BA-725D-49F5-9EF2-2BA1555384A0}"
EndProject
Global
	GlobalSection(SolutionConfigurationPlatforms) = preSolution
		Debug|Any CPU = Debug|Any CPU
		Release|Any CPU = Release|Any CPU
	EndGlobalSection
	GlobalSection(ProjectConfigurationPlatforms) = postSolution
		{D7A27758-8B33-4C39-B228-5816C317F3C1}.Debug|Any CPU.ActiveCfg = Debug|Any CPU
		{D7A27758-8B33-4C39-B228-5816C317F3C1}.Debug|Any CPU.Build.0 = Debug|Any CPU
		{D7A27758-8B33-4C39-B228-5816C317F3C1}.Release|Any CPU.ActiveCfg = Release|Any CPU
		{D7A27758-8B33-4C39-B228-5816C317F3C1}.Release|Any CPU.Build.0 = Release|Any CPU
		{972E7967-9ED8-46DE-8BA4-D54FA66F9C4F}.Debug|Any CPU.ActiveCfg = Debug|Any CPU
		{972E7967-9ED8-46DE-8BA4-D54FA66F9C4F}.Debug|Any CPU.Build.0 = Debug|Any CPU
		{972E7967-9ED8-46DE-8BA4-D54FA66F9C4F}.Release|Any CPU.ActiveCfg = Release|Any CPU
		{972E7967-9ED8-46DE-8BA4-D54FA66F9C4F}.Release|Any CPU.Build.0 = Release|Any CPU
		{976ED1CD-92E6-44FC-9D1C-A88E96632C2D}.Debug|Any CPU.ActiveCfg = Debug|Any CPU
		{976ED1CD-92E6-44FC-9D1C-A88E96632C2D}.Debug|Any CPU.Build.0 = Debug|Any CPU
		{976ED1CD-92E6-44FC-9D1C-A88E96632C2D}.Release|Any CPU.ActiveCfg = Release|Any CPU
		{976ED1CD-92E6-44FC-9D1C-A88E96632C2D}.Release|Any CPU.Build.0 = Release|Any CPU
		{C7928CF9-4987-45D8-80D9-5D6B21D25A61}.Debug|Any CPU.ActiveCfg = Debug|Any CPU
		{C7928CF9-4987-45D8-80D9-5D6B21D25A61}.Debug|Any CPU.Build.0 = Debug|Any CPU
		{C7928CF9-4987-45D8-80D9-5D6B21D25A61}.Release|Any CPU.ActiveCfg = Release|Any CPU
		{C7928CF9-4987-45D8-80D9-5D6B21D25A61}.Release|Any CPU.Build.0 = Release|Any CPU
		{313F213D-D48A-4A71-BE36-922D282FD572}.Debug|Any CPU.ActiveCfg = Debug|Any CPU
		{313F213D-D48A-4A71-BE36-922D282FD572}.Debug|Any CPU.Build.0 = Debug|Any CPU
		{313F213D-D48A-4A71-BE36-922D282FD572}.Release|Any CPU.ActiveCfg = Release|Any CPU
		{313F213D-D48A-4A71-BE36-922D282FD572}.Release|Any CPU.Build.0 = Release|Any CPU
		{DA245BF6-3084-4264-AB54-741E942E1958}.Debug|Any CPU.ActiveCfg = Debug|Any CPU
		{DA245BF6-3084-4264-AB54-741E942E1958}.Debug|Any CPU.Build.0 = Debug|Any CPU
		{DA245BF6-3084-4264-AB54-741E942E1958}.Release|Any CPU.ActiveCfg = Release|Any CPU
		{DA245BF6-3084-4264-AB54-741E942E1958}.Release|Any CPU.Build.0 = Release|Any CPU
		{EC9DC06D-0FE7-4AAF-9165-96A3DFE24BE5}.Debug|Any CPU.ActiveCfg = Debug|Any CPU
		{EC9DC06D-0FE7-4AAF-9165-96A3DFE24BE5}.Debug|Any CPU.Build.0 = Debug|Any CPU
		{EC9DC06D-0FE7-4AAF-9165-96A3DFE24BE5}.Release|Any CPU.ActiveCfg = Release|Any CPU
		{EC9DC06D-0FE7-4AAF-9165-96A3DFE24BE5}.Release|Any CPU.Build.0 = Release|Any CPU
		{E30907BA-725D-49F5-9EF2-2BA1555384A0}.Debug|Any CPU.ActiveCfg = Debug|Any CPU
		{E30907BA-725D-49F5-9EF2-2BA1555384A0}.Debug|Any CPU.Build.0 = Debug|Any CPU
		{E30907BA-725D-49F5-9EF2-2BA1555384A0}.Release|Any CPU.ActiveCfg = Release|Any CPU
		{E30907BA-725D-49F5-9EF2-2BA1555384A0}.Release|Any CPU.Build.0 = Release|Any CPU
	EndGlobalSection
	GlobalSection(SolutionProperties) = preSolution
		HideSolutionNode = FALSE
	EndGlobalSection
	GlobalSection(ExtensibilityGlobals) = postSolution
		SolutionGuid = {00892281-DE8B-4EE2-A0BC-F64E1344BE7C}
	EndGlobalSection
EndGlobal
