
Microsoft Visual Studio Solution File, Format Version 12.00
# Visual Studio 15
VisualStudioVersion = 15.0.28010.2026
MinimumVisualStudioVersion = 10.0.40219.1
Project("{FAE04EC0-301F-11D3-BF4B-00C04F79EFBC}") = "tvspike.client", "tvspike.client\tvspike.client.csproj", "{D7A27758-8B33-4C39-B228-5816C317F3C1}"
EndProject
Project("{FAE04EC0-301F-11D3-BF4B-00C04F79EFBC}") = "tvspike.contracts", "tvspike.contracts\tvspike.contracts.csproj", "{972E7967-9ED8-46DE-8BA4-D54FA66F9C4F}"
EndProject
Global
	GlobalSection(SolutionConfigurationPlatforms) = preSolution
		Debug|Any CPU = Debug|Any CPU
		Release|Any CPU = Release|Any CPU
	EndGlobalSection
	GlobalSection(ProjectConfigurationPlatforms) = postSolution
		{D7A27758-8B33-4C39-B228-5816C317F3C1}.Debug|Any CPU.ActiveCfg = Debug|Any CPU
		{D7A27758-8B33-4C39-B228-5816C317F3C1}.Debug|Any CPU.Build.0 = Debug|Any CPU
		{D7A27758-8B33-4C39-B228-5816C317F3C1}.Release|Any CPU.ActiveCfg = Release|Any CPU
		{D7A27758-8B33-4C39-B228-5816C317F3C1}.Release|Any CPU.Build.0 = Release|Any CPU
		{972E7967-9ED8-46DE-8BA4-D54FA66F9C4F}.Debug|Any CPU.ActiveCfg = Debug|Any CPU
		{972E7967-9ED8-46DE-8BA4-D54FA66F9C4F}.Debug|Any CPU.Build.0 = Debug|Any CPU
		{972E7967-9ED8-46DE-8BA4-D54FA66F9C4F}.Release|Any CPU.ActiveCfg = Release|Any CPU
		{972E7967-9ED8-46DE-8BA4-D54FA66F9C4F}.Release|Any CPU.Build.0 = Release|Any CPU
	EndGlobalSection
	GlobalSection(SolutionProperties) = preSolution
		HideSolutionNode = FALSE
	EndGlobalSection
	GlobalSection(ExtensibilityGlobals) = postSolution
		SolutionGuid = {00892281-DE8B-4EE2-A0BC-F64E1344BE7C}
	EndGlobalSection
EndGlobal
