
Microsoft Visual Studio Solution File, Format Version 12.00
# Visual Studio 15
VisualStudioVersion = 15.0.27004.2006
MinimumVisualStudioVersion = 10.0.40219.1
Project("{FAE04EC0-301F-11D3-BF4B-00C04F79EFBC}") = "CalculatorClient", "CalculatorClient\CalculatorClient.csproj", "{CAA590F0-17A0-4371-8E08-DC6B3555D2DA}"
EndProject
Project("{FAE04EC0-301F-11D3-BF4B-00C04F79EFBC}") = "CalculatorClient.UnitTests", "CalculatorClient.UnitTests\CalculatorClient.UnitTests.csproj", "{1B072F10-6946-412D-AE38-5C133EA5DAB0}"
EndProject
Global
	GlobalSection(SolutionConfigurationPlatforms) = preSolution
		Debug|Any CPU = Debug|Any CPU
		Release|Any CPU = Release|Any CPU
	EndGlobalSection
	GlobalSection(ProjectConfigurationPlatforms) = postSolution
		{CAA590F0-17A0-4371-8E08-DC6B3555D2DA}.Debug|Any CPU.ActiveCfg = Debug|Any CPU
		{CAA590F0-17A0-4371-8E08-DC6B3555D2DA}.Debug|Any CPU.Build.0 = Debug|Any CPU
		{CAA590F0-17A0-4371-8E08-DC6B3555D2DA}.Release|Any CPU.ActiveCfg = Release|Any CPU
		{CAA590F0-17A0-4371-8E08-DC6B3555D2DA}.Release|Any CPU.Build.0 = Release|Any CPU
		{1B072F10-6946-412D-AE38-5C133EA5DAB0}.Debug|Any CPU.ActiveCfg = Debug|Any CPU
		{1B072F10-6946-412D-AE38-5C133EA5DAB0}.Debug|Any CPU.Build.0 = Debug|Any CPU
		{1B072F10-6946-412D-AE38-5C133EA5DAB0}.Release|Any CPU.ActiveCfg = Release|Any CPU
		{1B072F10-6946-412D-AE38-5C133EA5DAB0}.Release|Any CPU.Build.0 = Release|Any CPU
	EndGlobalSection
	GlobalSection(SolutionProperties) = preSolution
		HideSolutionNode = FALSE
	EndGlobalSection
	GlobalSection(ExtensibilityGlobals) = postSolution
		SolutionGuid = {0CE598D6-5029-44C7-9EDF-B92231E6824E}
	EndGlobalSection
EndGlobal
