
Microsoft Visual Studio Solution File, Format Version 12.00
# Visual Studio 14
VisualStudioVersion = 14.0.25420.1
MinimumVisualStudioVersion = 10.0.40219.1
Project("{FAE04EC0-301F-11D3-BF4B-00C04F79EFBC}") = "CredentialService", "CredentialService.csproj", "{11493D53-D734-4C63-972A-435EB5DF8192}"
EndProject
Project("{FAE04EC0-301F-11D3-BF4B-00C04F79EFBC}") = "CredentialServiceTest", "..\CredentialServiceTest\CredentialServiceTest.csproj", "{1A1F237A-2EB5-431A-BF23-C8EB6688727B}"
EndProject
Project("{FAE04EC0-301F-11D3-BF4B-00C04F79EFBC}") = "CredentialServer", "CredentialServer\CredentialServer.csproj", "{6C05D7C9-C887-4DF7-A008-3FEF0D4AFEAB}"
EndProject
Global
	GlobalSection(SolutionConfigurationPlatforms) = preSolution
		Debug|Any CPU = Debug|Any CPU
		Release|Any CPU = Release|Any CPU
	EndGlobalSection
	GlobalSection(ProjectConfigurationPlatforms) = postSolution
		{11493D53-D734-4C63-972A-435EB5DF8192}.Debug|Any CPU.ActiveCfg = Debug|Any CPU
		{11493D53-D734-4C63-972A-435EB5DF8192}.Debug|Any CPU.Build.0 = Debug|Any CPU
		{11493D53-D734-4C63-972A-435EB5DF8192}.Release|Any CPU.ActiveCfg = Release|Any CPU
		{11493D53-D734-4C63-972A-435EB5DF8192}.Release|Any CPU.Build.0 = Release|Any CPU
		{1A1F237A-2EB5-431A-BF23-C8EB6688727B}.Debug|Any CPU.ActiveCfg = Debug|Any CPU
		{1A1F237A-2EB5-431A-BF23-C8EB6688727B}.Debug|Any CPU.Build.0 = Debug|Any CPU
		{1A1F237A-2EB5-431A-BF23-C8EB6688727B}.Release|Any CPU.ActiveCfg = Release|Any CPU
		{1A1F237A-2EB5-431A-BF23-C8EB6688727B}.Release|Any CPU.Build.0 = Release|Any CPU
		{6C05D7C9-C887-4DF7-A008-3FEF0D4AFEAB}.Debug|Any CPU.ActiveCfg = Debug|Any CPU
		{6C05D7C9-C887-4DF7-A008-3FEF0D4AFEAB}.Debug|Any CPU.Build.0 = Debug|Any CPU
		{6C05D7C9-C887-4DF7-A008-3FEF0D4AFEAB}.Release|Any CPU.ActiveCfg = Release|Any CPU
		{6C05D7C9-C887-4DF7-A008-3FEF0D4AFEAB}.Release|Any CPU.Build.0 = Release|Any CPU
	EndGlobalSection
	GlobalSection(SolutionProperties) = preSolution
		HideSolutionNode = FALSE
	EndGlobalSection
EndGlobal
