
Microsoft Visual Studio Solution File, Format Version 12.00
# Visual Studio 15
VisualStudioVersion = 15.0.27130.2024
MinimumVisualStudioVersion = 10.0.40219.1
Project("{FAE04EC0-301F-11D3-BF4B-00C04F79EFBC}") = "CredentialService", "CredentialService\CredentialService.csproj", "{2FB5F68B-2D97-4EDF-87BE-A7750AFCEC86}"
EndProject
Project("{FAE04EC0-301F-11D3-BF4B-00C04F79EFBC}") = "CredentialServiceTest", "CredentialServiceTest\CredentialServiceTest.csproj", "{1A1F237A-2EB5-431A-BF23-C8EB6688727B}"
EndProject
Project("{FAE04EC0-301F-11D3-BF4B-00C04F79EFBC}") = "CredentialServer", "CredentialServer\CredentialServer.csproj", "{4BC8E2DA-FC5B-4180-8651-67CA299EFDCB}"
EndProject
Project("{FAE04EC0-301F-11D3-BF4B-00C04F79EFBC}") = "CalculatorCredentialService", "CalculatorCredentialService\CalculatorCredentialService.csproj", "{5B6A31FB-6B5E-48B7-9EF2-2B2C04D3DF55}"
EndProject
Project("{FAE04EC0-301F-11D3-BF4B-00C04F79EFBC}") = "AdminCredentialService", "AdminCredentialService\AdminCredentialService.csproj", "{8C4DC042-48D0-44E5-8D4E-9A1DECFA8DA3}"
EndProject
Project("{FAE04EC0-301F-11D3-BF4B-00C04F79EFBC}") = "Tests", "Tests\Tests.csproj", "{371C62B6-19CB-440D-B1BE-4827FF83EB5C}"
EndProject
Global
	GlobalSection(SolutionConfigurationPlatforms) = preSolution
		Debug|Any CPU = Debug|Any CPU
		Debug|x86 = Debug|x86
		Release|Any CPU = Release|Any CPU
		Release|x86 = Release|x86
	EndGlobalSection
	GlobalSection(ProjectConfigurationPlatforms) = postSolution
		{2FB5F68B-2D97-4EDF-87BE-A7750AFCEC86}.Debug|Any CPU.ActiveCfg = Debug|Any CPU
		{2FB5F68B-2D97-4EDF-87BE-A7750AFCEC86}.Debug|Any CPU.Build.0 = Debug|Any CPU
		{2FB5F68B-2D97-4EDF-87BE-A7750AFCEC86}.Debug|x86.ActiveCfg = Debug|Any CPU
		{2FB5F68B-2D97-4EDF-87BE-A7750AFCEC86}.Debug|x86.Build.0 = Debug|Any CPU
		{2FB5F68B-2D97-4EDF-87BE-A7750AFCEC86}.Release|Any CPU.ActiveCfg = Release|Any CPU
		{2FB5F68B-2D97-4EDF-87BE-A7750AFCEC86}.Release|Any CPU.Build.0 = Release|Any CPU
		{2FB5F68B-2D97-4EDF-87BE-A7750AFCEC86}.Release|x86.ActiveCfg = Release|Any CPU
		{2FB5F68B-2D97-4EDF-87BE-A7750AFCEC86}.Release|x86.Build.0 = Release|Any CPU
		{1A1F237A-2EB5-431A-BF23-C8EB6688727B}.Debug|Any CPU.ActiveCfg = Debug|Any CPU
		{1A1F237A-2EB5-431A-BF23-C8EB6688727B}.Debug|Any CPU.Build.0 = Debug|Any CPU
		{1A1F237A-2EB5-431A-BF23-C8EB6688727B}.Debug|x86.ActiveCfg = Debug|Any CPU
		{1A1F237A-2EB5-431A-BF23-C8EB6688727B}.Debug|x86.Build.0 = Debug|Any CPU
		{1A1F237A-2EB5-431A-BF23-C8EB6688727B}.Release|Any CPU.ActiveCfg = Release|Any CPU
		{1A1F237A-2EB5-431A-BF23-C8EB6688727B}.Release|Any CPU.Build.0 = Release|Any CPU
		{1A1F237A-2EB5-431A-BF23-C8EB6688727B}.Release|x86.ActiveCfg = Release|Any CPU
		{1A1F237A-2EB5-431A-BF23-C8EB6688727B}.Release|x86.Build.0 = Release|Any CPU
		{4BC8E2DA-FC5B-4180-8651-67CA299EFDCB}.Debug|Any CPU.ActiveCfg = Debug|Any CPU
		{4BC8E2DA-FC5B-4180-8651-67CA299EFDCB}.Debug|Any CPU.Build.0 = Debug|Any CPU
		{4BC8E2DA-FC5B-4180-8651-67CA299EFDCB}.Debug|x86.ActiveCfg = Debug|Any CPU
		{4BC8E2DA-FC5B-4180-8651-67CA299EFDCB}.Debug|x86.Build.0 = Debug|Any CPU
		{4BC8E2DA-FC5B-4180-8651-67CA299EFDCB}.Release|Any CPU.ActiveCfg = Release|Any CPU
		{4BC8E2DA-FC5B-4180-8651-67CA299EFDCB}.Release|Any CPU.Build.0 = Release|Any CPU
		{4BC8E2DA-FC5B-4180-8651-67CA299EFDCB}.Release|x86.ActiveCfg = Release|Any CPU
		{4BC8E2DA-FC5B-4180-8651-67CA299EFDCB}.Release|x86.Build.0 = Release|Any CPU
		{5B6A31FB-6B5E-48B7-9EF2-2B2C04D3DF55}.Debug|Any CPU.ActiveCfg = Debug|Any CPU
		{5B6A31FB-6B5E-48B7-9EF2-2B2C04D3DF55}.Debug|Any CPU.Build.0 = Debug|Any CPU
		{5B6A31FB-6B5E-48B7-9EF2-2B2C04D3DF55}.Debug|x86.ActiveCfg = Debug|Any CPU
		{5B6A31FB-6B5E-48B7-9EF2-2B2C04D3DF55}.Debug|x86.Build.0 = Debug|Any CPU
		{5B6A31FB-6B5E-48B7-9EF2-2B2C04D3DF55}.Release|Any CPU.ActiveCfg = Release|Any CPU
		{5B6A31FB-6B5E-48B7-9EF2-2B2C04D3DF55}.Release|Any CPU.Build.0 = Release|Any CPU
		{5B6A31FB-6B5E-48B7-9EF2-2B2C04D3DF55}.Release|x86.ActiveCfg = Release|Any CPU
		{5B6A31FB-6B5E-48B7-9EF2-2B2C04D3DF55}.Release|x86.Build.0 = Release|Any CPU
		{8C4DC042-48D0-44E5-8D4E-9A1DECFA8DA3}.Debug|Any CPU.ActiveCfg = Debug|Any CPU
		{8C4DC042-48D0-44E5-8D4E-9A1DECFA8DA3}.Debug|Any CPU.Build.0 = Debug|Any CPU
		{8C4DC042-48D0-44E5-8D4E-9A1DECFA8DA3}.Debug|x86.ActiveCfg = Debug|Any CPU
		{8C4DC042-48D0-44E5-8D4E-9A1DECFA8DA3}.Debug|x86.Build.0 = Debug|Any CPU
		{8C4DC042-48D0-44E5-8D4E-9A1DECFA8DA3}.Release|Any CPU.ActiveCfg = Release|Any CPU
		{8C4DC042-48D0-44E5-8D4E-9A1DECFA8DA3}.Release|Any CPU.Build.0 = Release|Any CPU
		{8C4DC042-48D0-44E5-8D4E-9A1DECFA8DA3}.Release|x86.ActiveCfg = Release|Any CPU
		{8C4DC042-48D0-44E5-8D4E-9A1DECFA8DA3}.Release|x86.Build.0 = Release|Any CPU
		{371C62B6-19CB-440D-B1BE-4827FF83EB5C}.Debug|Any CPU.ActiveCfg = Debug|Any CPU
		{371C62B6-19CB-440D-B1BE-4827FF83EB5C}.Debug|Any CPU.Build.0 = Debug|Any CPU
		{371C62B6-19CB-440D-B1BE-4827FF83EB5C}.Debug|x86.ActiveCfg = Debug|Any CPU
		{371C62B6-19CB-440D-B1BE-4827FF83EB5C}.Debug|x86.Build.0 = Debug|Any CPU
		{371C62B6-19CB-440D-B1BE-4827FF83EB5C}.Release|Any CPU.ActiveCfg = Release|Any CPU
		{371C62B6-19CB-440D-B1BE-4827FF83EB5C}.Release|Any CPU.Build.0 = Release|Any CPU
		{371C62B6-19CB-440D-B1BE-4827FF83EB5C}.Release|x86.ActiveCfg = Release|Any CPU
		{371C62B6-19CB-440D-B1BE-4827FF83EB5C}.Release|x86.Build.0 = Release|Any CPU
	EndGlobalSection
	GlobalSection(SolutionProperties) = preSolution
		HideSolutionNode = FALSE
	EndGlobalSection
	GlobalSection(ExtensibilityGlobals) = postSolution
		SolutionGuid = {6B32712C-1015-4F58-9670-D02A1CCD7D1D}
	EndGlobalSection
EndGlobal
