
Microsoft Visual Studio Solution File, Format Version 12.00
# Visual Studio 15
VisualStudioVersion = 15.0.27130.2026
MinimumVisualStudioVersion = 10.0.40219.1
Project("{FAE04EC0-301F-11D3-BF4B-00C04F79EFBC}") = "sc.contracts", "Contracts\sc.contracts\sc.contracts.csproj", "{E036A018-BFC5-44EC-B42B-7160E94A6CC3}"
EndProject
Project("{FAE04EC0-301F-11D3-BF4B-00C04F79EFBC}") = "AdminCredentialService", "CredentionalService\credentionalService.host\AdminCredentialService\AdminCredentialService.csproj", "{8C4DC042-48D0-44E5-8D4E-9A1DECFA8DA3}"
EndProject
Project("{FAE04EC0-301F-11D3-BF4B-00C04F79EFBC}") = "CalculatorCredentialService", "CredentionalService\credentionalService.host\CalculatorCredentialService\CalculatorCredentialService.csproj", "{5B6A31FB-6B5E-48B7-9EF2-2B2C04D3DF55}"
EndProject
Project("{FAE04EC0-301F-11D3-BF4B-00C04F79EFBC}") = "sc.administration", "Administration\sc.administration\sc.administration.csproj", "{5F97842C-7296-478B-944B-E36D554E3DCC}"
EndProject
Project("{FAE04EC0-301F-11D3-BF4B-00C04F79EFBC}") = "CalculatorClient", "CalculatorClient\CalculatorClient\CalculatorClient.csproj", "{CAA590F0-17A0-4371-8E08-DC6B3555D2DA}"
EndProject
Global
	GlobalSection(SolutionConfigurationPlatforms) = preSolution
		Debug|Any CPU = Debug|Any CPU
		Release|Any CPU = Release|Any CPU
	EndGlobalSection
	GlobalSection(ProjectConfigurationPlatforms) = postSolution
		{E036A018-BFC5-44EC-B42B-7160E94A6CC3}.Debug|Any CPU.ActiveCfg = Debug|Any CPU
		{E036A018-BFC5-44EC-B42B-7160E94A6CC3}.Debug|Any CPU.Build.0 = Debug|Any CPU
		{E036A018-BFC5-44EC-B42B-7160E94A6CC3}.Release|Any CPU.ActiveCfg = Release|Any CPU
		{E036A018-BFC5-44EC-B42B-7160E94A6CC3}.Release|Any CPU.Build.0 = Release|Any CPU
		{8C4DC042-48D0-44E5-8D4E-9A1DECFA8DA3}.Debug|Any CPU.ActiveCfg = Debug|Any CPU
		{8C4DC042-48D0-44E5-8D4E-9A1DECFA8DA3}.Debug|Any CPU.Build.0 = Debug|Any CPU
		{8C4DC042-48D0-44E5-8D4E-9A1DECFA8DA3}.Release|Any CPU.ActiveCfg = Release|Any CPU
		{8C4DC042-48D0-44E5-8D4E-9A1DECFA8DA3}.Release|Any CPU.Build.0 = Release|Any CPU
		{5B6A31FB-6B5E-48B7-9EF2-2B2C04D3DF55}.Debug|Any CPU.ActiveCfg = Debug|Any CPU
		{5B6A31FB-6B5E-48B7-9EF2-2B2C04D3DF55}.Debug|Any CPU.Build.0 = Debug|Any CPU
		{5B6A31FB-6B5E-48B7-9EF2-2B2C04D3DF55}.Release|Any CPU.ActiveCfg = Release|Any CPU
		{5B6A31FB-6B5E-48B7-9EF2-2B2C04D3DF55}.Release|Any CPU.Build.0 = Release|Any CPU
		{5F97842C-7296-478B-944B-E36D554E3DCC}.Debug|Any CPU.ActiveCfg = Debug|Any CPU
		{5F97842C-7296-478B-944B-E36D554E3DCC}.Debug|Any CPU.Build.0 = Debug|Any CPU
		{5F97842C-7296-478B-944B-E36D554E3DCC}.Release|Any CPU.ActiveCfg = Release|Any CPU
		{5F97842C-7296-478B-944B-E36D554E3DCC}.Release|Any CPU.Build.0 = Release|Any CPU
		{CAA590F0-17A0-4371-8E08-DC6B3555D2DA}.Debug|Any CPU.ActiveCfg = Debug|Any CPU
		{CAA590F0-17A0-4371-8E08-DC6B3555D2DA}.Debug|Any CPU.Build.0 = Debug|Any CPU
		{CAA590F0-17A0-4371-8E08-DC6B3555D2DA}.Release|Any CPU.ActiveCfg = Release|Any CPU
		{CAA590F0-17A0-4371-8E08-DC6B3555D2DA}.Release|Any CPU.Build.0 = Release|Any CPU
	EndGlobalSection
	GlobalSection(SolutionProperties) = preSolution
		HideSolutionNode = FALSE
	EndGlobalSection
	GlobalSection(ExtensibilityGlobals) = postSolution
		SolutionGuid = {1677E70A-1749-4F78-AE2A-9984161E8EC0}
	EndGlobalSection
EndGlobal
